
Microsoft Visual Studio Solution File, Format Version 12.00
# Visual Studio Version 17
VisualStudioVersion = 17.14.36414.22
MinimumVisualStudioVersion = 10.0.40219.1
Project("{FAE04EC0-301F-11D3-BF4B-00C04F79EFBC}") = "SecondAPI.Api", "SecondAPI.Api\SecondAPI.Api.csproj", "{2BE630C2-DF71-4BDE-8ED4-2E4E40F5BF20}"
	ProjectSection(ProjectDependencies) = postProject
		{40F5EFDC-16B4-400A-ADC6-3399D904B0A9} = {40F5EFDC-16B4-400A-ADC6-3399D904B0A9}
	EndProjectSection
EndProject
Project("{2150E333-8FDC-42A3-9474-1A3956D46DE8}") = "Solution Items", "Solution Items", "{02EA681E-C7D8-13C7-8484-4AC65E1B71E8}"
	ProjectSection(SolutionItems) = preProject
		dockerfile-second-api = dockerfile-second-api
	EndProjectSection
EndProject
Project("{FAE04EC0-301F-11D3-BF4B-00C04F79EFBC}") = "SecondAPI.Services", "SecondAPI.Controllers\SecondAPI.Services.csproj", "{40F5EFDC-16B4-400A-ADC6-3399D904B0A9}"
EndProject
Project("{FAE04EC0-301F-11D3-BF4B-00C04F79EFBC}") = "SecondAPI.Domain", "SecondAPI.Context\SecondAPI.Domain.csproj", "{61D0C6F8-2618-43B0-9B66-C6F10E7B2711}"
EndProject
Project("{FAE04EC0-301F-11D3-BF4B-00C04F79EFBC}") = "SecondAPI.Infra.Database", "SecondAPI.Infra.Database\SecondAPI.Infra.Database.csproj", "{13D54CB4-789C-4696-8BAE-191686BC3E30}"
EndProject
Global
	GlobalSection(SolutionConfigurationPlatforms) = preSolution
		Debug|Any CPU = Debug|Any CPU
		Debug|x64 = Debug|x64
		Debug|x86 = Debug|x86
		Release|Any CPU = Release|Any CPU
		Release|x64 = Release|x64
		Release|x86 = Release|x86
	EndGlobalSection
	GlobalSection(ProjectConfigurationPlatforms) = postSolution
		{2BE630C2-DF71-4BDE-8ED4-2E4E40F5BF20}.Debug|Any CPU.ActiveCfg = Debug|Any CPU
		{2BE630C2-DF71-4BDE-8ED4-2E4E40F5BF20}.Debug|Any CPU.Build.0 = Debug|Any CPU
		{2BE630C2-DF71-4BDE-8ED4-2E4E40F5BF20}.Debug|x64.ActiveCfg = Debug|Any CPU
		{2BE630C2-DF71-4BDE-8ED4-2E4E40F5BF20}.Debug|x64.Build.0 = Debug|Any CPU
		{2BE630C2-DF71-4BDE-8ED4-2E4E40F5BF20}.Debug|x86.ActiveCfg = Debug|Any CPU
		{2BE630C2-DF71-4BDE-8ED4-2E4E40F5BF20}.Debug|x86.Build.0 = Debug|Any CPU
		{2BE630C2-DF71-4BDE-8ED4-2E4E40F5BF20}.Release|Any CPU.ActiveCfg = Release|Any CPU
		{2BE630C2-DF71-4BDE-8ED4-2E4E40F5BF20}.Release|Any CPU.Build.0 = Release|Any CPU
		{2BE630C2-DF71-4BDE-8ED4-2E4E40F5BF20}.Release|x64.ActiveCfg = Release|Any CPU
		{2BE630C2-DF71-4BDE-8ED4-2E4E40F5BF20}.Release|x64.Build.0 = Release|Any CPU
		{2BE630C2-DF71-4BDE-8ED4-2E4E40F5BF20}.Release|x86.ActiveCfg = Release|Any CPU
		{2BE630C2-DF71-4BDE-8ED4-2E4E40F5BF20}.Release|x86.Build.0 = Release|Any CPU
		{40F5EFDC-16B4-400A-ADC6-3399D904B0A9}.Debug|Any CPU.ActiveCfg = Debug|Any CPU
		{40F5EFDC-16B4-400A-ADC6-3399D904B0A9}.Debug|Any CPU.Build.0 = Debug|Any CPU
		{40F5EFDC-16B4-400A-ADC6-3399D904B0A9}.Debug|x64.ActiveCfg = Debug|Any CPU
		{40F5EFDC-16B4-400A-ADC6-3399D904B0A9}.Debug|x64.Build.0 = Debug|Any CPU
		{40F5EFDC-16B4-400A-ADC6-3399D904B0A9}.Debug|x86.ActiveCfg = Debug|Any CPU
		{40F5EFDC-16B4-400A-ADC6-3399D904B0A9}.Debug|x86.Build.0 = Debug|Any CPU
		{40F5EFDC-16B4-400A-ADC6-3399D904B0A9}.Release|Any CPU.ActiveCfg = Release|Any CPU
		{40F5EFDC-16B4-400A-ADC6-3399D904B0A9}.Release|Any CPU.Build.0 = Release|Any CPU
		{40F5EFDC-16B4-400A-ADC6-3399D904B0A9}.Release|x64.ActiveCfg = Release|Any CPU
		{40F5EFDC-16B4-400A-ADC6-3399D904B0A9}.Release|x64.Build.0 = Release|Any CPU
		{40F5EFDC-16B4-400A-ADC6-3399D904B0A9}.Release|x86.ActiveCfg = Release|Any CPU
		{40F5EFDC-16B4-400A-ADC6-3399D904B0A9}.Release|x86.Build.0 = Release|Any CPU
		{61D0C6F8-2618-43B0-9B66-C6F10E7B2711}.Debug|Any CPU.ActiveCfg = Debug|Any CPU
		{61D0C6F8-2618-43B0-9B66-C6F10E7B2711}.Debug|Any CPU.Build.0 = Debug|Any CPU
		{61D0C6F8-2618-43B0-9B66-C6F10E7B2711}.Debug|x64.ActiveCfg = Debug|Any CPU
		{61D0C6F8-2618-43B0-9B66-C6F10E7B2711}.Debug|x64.Build.0 = Debug|Any CPU
		{61D0C6F8-2618-43B0-9B66-C6F10E7B2711}.Debug|x86.ActiveCfg = Debug|Any CPU
		{61D0C6F8-2618-43B0-9B66-C6F10E7B2711}.Debug|x86.Build.0 = Debug|Any CPU
		{61D0C6F8-2618-43B0-9B66-C6F10E7B2711}.Release|Any CPU.ActiveCfg = Release|Any CPU
		{61D0C6F8-2618-43B0-9B66-C6F10E7B2711}.Release|Any CPU.Build.0 = Release|Any CPU
		{61D0C6F8-2618-43B0-9B66-C6F10E7B2711}.Release|x64.ActiveCfg = Release|Any CPU
		{61D0C6F8-2618-43B0-9B66-C6F10E7B2711}.Release|x64.Build.0 = Release|Any CPU
		{61D0C6F8-2618-43B0-9B66-C6F10E7B2711}.Release|x86.ActiveCfg = Release|Any CPU
		{61D0C6F8-2618-43B0-9B66-C6F10E7B2711}.Release|x86.Build.0 = Release|Any CPU
		{13D54CB4-789C-4696-8BAE-191686BC3E30}.Debug|Any CPU.ActiveCfg = Debug|Any CPU
		{13D54CB4-789C-4696-8BAE-191686BC3E30}.Debug|Any CPU.Build.0 = Debug|Any CPU
		{13D54CB4-789C-4696-8BAE-191686BC3E30}.Debug|x64.ActiveCfg = Debug|Any CPU
		{13D54CB4-789C-4696-8BAE-191686BC3E30}.Debug|x64.Build.0 = Debug|Any CPU
		{13D54CB4-789C-4696-8BAE-191686BC3E30}.Debug|x86.ActiveCfg = Debug|Any CPU
		{13D54CB4-789C-4696-8BAE-191686BC3E30}.Debug|x86.Build.0 = Debug|Any CPU
		{13D54CB4-789C-4696-8BAE-191686BC3E30}.Release|Any CPU.ActiveCfg = Release|Any CPU
		{13D54CB4-789C-4696-8BAE-191686BC3E30}.Release|Any CPU.Build.0 = Release|Any CPU
		{13D54CB4-789C-4696-8BAE-191686BC3E30}.Release|x64.ActiveCfg = Release|Any CPU
		{13D54CB4-789C-4696-8BAE-191686BC3E30}.Release|x64.Build.0 = Release|Any CPU
		{13D54CB4-789C-4696-8BAE-191686BC3E30}.Release|x86.ActiveCfg = Release|Any CPU
		{13D54CB4-789C-4696-8BAE-191686BC3E30}.Release|x86.Build.0 = Release|Any CPU
	EndGlobalSection
	GlobalSection(SolutionProperties) = preSolution
		HideSolutionNode = FALSE
	EndGlobalSection
	GlobalSection(ExtensibilityGlobals) = postSolution
		SolutionGuid = {3FAC66CC-B254-4D84-824F-43B3FAB3AC05}
	EndGlobalSection
EndGlobal
